
Microsoft Visual Studio Solution File, Format Version 12.00
# Visual Studio Version 17
VisualStudioVersion = 17.4.33213.308
MinimumVisualStudioVersion = 10.0.40219.1
Project("{FAE04EC0-301F-11D3-BF4B-00C04F79EFBC}") = "DataStructureWiki", "DataStructureWiki\DataStructureWiki.csproj", "{1746BDEE-18F1-4271-9314-2D77A6D95D47}"
EndProject
Global
	GlobalSection(SolutionConfigurationPlatforms) = preSolution
		Debug|Any CPU = Debug|Any CPU
		Release|Any CPU = Release|Any CPU
	EndGlobalSection
	GlobalSection(ProjectConfigurationPlatforms) = postSolution
		{1746BDEE-18F1-4271-9314-2D77A6D95D47}.Debug|Any CPU.ActiveCfg = Debug|Any CPU
		{1746BDEE-18F1-4271-9314-2D77A6D95D47}.Debug|Any CPU.Build.0 = Debug|Any CPU
		{1746BDEE-18F1-4271-9314-2D77A6D95D47}.Release|Any CPU.ActiveCfg = Release|Any CPU
		{1746BDEE-18F1-4271-9314-2D77A6D95D47}.Release|Any CPU.Build.0 = Release|Any CPU
	EndGlobalSection
	GlobalSection(SolutionProperties) = preSolution
		HideSolutionNode = FALSE
	EndGlobalSection
	GlobalSection(ExtensibilityGlobals) = postSolution
		SolutionGuid = {228F7F46-3EC4-4FAA-9195-C31D1F1FE6A6}
	EndGlobalSection
EndGlobal
